
Microsoft Visual Studio Solution File, Format Version 12.00
# Visual Studio Version 17
VisualStudioVersion = 17.5.33502.453
MinimumVisualStudioVersion = 10.0.40219.1
Project("{FAE04EC0-301F-11D3-BF4B-00C04F79EFBC}") = "01-SingleResponsibilityPrinciple", "DesignPatterns\01-SingleResponsibilityPrinciple.csproj", "{03996E11-3A33-40F9-8E71-DD8FFBF63C52}"
EndProject
Project("{FAE04EC0-301F-11D3-BF4B-00C04F79EFBC}") = "02-Open-Closed Principle", "Open-Closed Principle\02-Open-Closed Principle.csproj", "{48E7C603-AF7C-493C-92ED-E003478443E9}"
EndProject
Project("{FAE04EC0-301F-11D3-BF4B-00C04F79EFBC}") = "03-LiskovSubstitutionPrinciple", "LiskovSubstitutionPrinciple\03-LiskovSubstitutionPrinciple.csproj", "{ABCEF530-633A-4AC7-A51A-0A12F6F5A264}"
EndProject
Project("{FAE04EC0-301F-11D3-BF4B-00C04F79EFBC}") = "04-InterfaceSegreationPrinciple", "04-InterfaceSegreationPrinciple\04-InterfaceSegreationPrinciple.csproj", "{AB966F9A-7386-4DB1-A3D2-3548977233DB}"
EndProject
Project("{FAE04EC0-301F-11D3-BF4B-00C04F79EFBC}") = "05-DependencyInversionPrinciple", "05-DependencyInversionPrinciple\05-DependencyInversionPrinciple.csproj", "{2934CFCF-E871-48B1-969F-F21038ECD4C6}"
EndProject
Global
	GlobalSection(SolutionConfigurationPlatforms) = preSolution
		Debug|Any CPU = Debug|Any CPU
		Release|Any CPU = Release|Any CPU
	EndGlobalSection
	GlobalSection(ProjectConfigurationPlatforms) = postSolution
		{03996E11-3A33-40F9-8E71-DD8FFBF63C52}.Debug|Any CPU.ActiveCfg = Debug|Any CPU
		{03996E11-3A33-40F9-8E71-DD8FFBF63C52}.Debug|Any CPU.Build.0 = Debug|Any CPU
		{03996E11-3A33-40F9-8E71-DD8FFBF63C52}.Release|Any CPU.ActiveCfg = Release|Any CPU
		{03996E11-3A33-40F9-8E71-DD8FFBF63C52}.Release|Any CPU.Build.0 = Release|Any CPU
		{48E7C603-AF7C-493C-92ED-E003478443E9}.Debug|Any CPU.ActiveCfg = Debug|Any CPU
		{48E7C603-AF7C-493C-92ED-E003478443E9}.Debug|Any CPU.Build.0 = Debug|Any CPU
		{48E7C603-AF7C-493C-92ED-E003478443E9}.Release|Any CPU.ActiveCfg = Release|Any CPU
		{48E7C603-AF7C-493C-92ED-E003478443E9}.Release|Any CPU.Build.0 = Release|Any CPU
		{ABCEF530-633A-4AC7-A51A-0A12F6F5A264}.Debug|Any CPU.ActiveCfg = Debug|Any CPU
		{ABCEF530-633A-4AC7-A51A-0A12F6F5A264}.Debug|Any CPU.Build.0 = Debug|Any CPU
		{ABCEF530-633A-4AC7-A51A-0A12F6F5A264}.Release|Any CPU.ActiveCfg = Release|Any CPU
		{ABCEF530-633A-4AC7-A51A-0A12F6F5A264}.Release|Any CPU.Build.0 = Release|Any CPU
		{AB966F9A-7386-4DB1-A3D2-3548977233DB}.Debug|Any CPU.ActiveCfg = Debug|Any CPU
		{AB966F9A-7386-4DB1-A3D2-3548977233DB}.Debug|Any CPU.Build.0 = Debug|Any CPU
		{AB966F9A-7386-4DB1-A3D2-3548977233DB}.Release|Any CPU.ActiveCfg = Release|Any CPU
		{AB966F9A-7386-4DB1-A3D2-3548977233DB}.Release|Any CPU.Build.0 = Release|Any CPU
		{2934CFCF-E871-48B1-969F-F21038ECD4C6}.Debug|Any CPU.ActiveCfg = Debug|Any CPU
		{2934CFCF-E871-48B1-969F-F21038ECD4C6}.Debug|Any CPU.Build.0 = Debug|Any CPU
		{2934CFCF-E871-48B1-969F-F21038ECD4C6}.Release|Any CPU.ActiveCfg = Release|Any CPU
		{2934CFCF-E871-48B1-969F-F21038ECD4C6}.Release|Any CPU.Build.0 = Release|Any CPU
	EndGlobalSection
	GlobalSection(SolutionProperties) = preSolution
		HideSolutionNode = FALSE
	EndGlobalSection
	GlobalSection(ExtensibilityGlobals) = postSolution
		SolutionGuid = {D39410E7-8557-4759-BA6C-571687441A7A}
	EndGlobalSection
EndGlobal
