
Microsoft Visual Studio Solution File, Format Version 12.00
# Visual Studio Version 17
VisualStudioVersion = 17.5.33502.453
MinimumVisualStudioVersion = 10.0.40219.1
Project("{FAE04EC0-301F-11D3-BF4B-00C04F79EFBC}") = "01-Builder", "01-LifeWithoutBuilder\01-Builder.csproj", "{2F6D2A25-A563-4DD3-BE66-804BF3964154}"
EndProject
Global
	GlobalSection(SolutionConfigurationPlatforms) = preSolution
		Debug|Any CPU = Debug|Any CPU
		Release|Any CPU = Release|Any CPU
	EndGlobalSection
	GlobalSection(ProjectConfigurationPlatforms) = postSolution
		{2F6D2A25-A563-4DD3-BE66-804BF3964154}.Debug|Any CPU.ActiveCfg = Debug|Any CPU
		{2F6D2A25-A563-4DD3-BE66-804BF3964154}.Debug|Any CPU.Build.0 = Debug|Any CPU
		{2F6D2A25-A563-4DD3-BE66-804BF3964154}.Release|Any CPU.ActiveCfg = Release|Any CPU
		{2F6D2A25-A563-4DD3-BE66-804BF3964154}.Release|Any CPU.Build.0 = Release|Any CPU
	EndGlobalSection
	GlobalSection(SolutionProperties) = preSolution
		HideSolutionNode = FALSE
	EndGlobalSection
	GlobalSection(ExtensibilityGlobals) = postSolution
		SolutionGuid = {D39410E7-8557-4759-BA6C-571687441A7A}
	EndGlobalSection
EndGlobal
